
Microsoft Visual Studio Solution File, Format Version 12.00
# Visual Studio Version 17
VisualStudioVersion = 17.0.32014.148
MinimumVisualStudioVersion = 10.0.40219.1
Project("{9A19103F-16F7-4668-BE54-9A1E7A4F7556}") = "ElevatorSystemSimulation", "ElevatorSystemSimulation.csproj", "{D9F3C424-872C-4718-B592-7B19A4C40803}"
EndProject
Project("{9A19103F-16F7-4668-BE54-9A1E7A4F7556}") = "Client", "..\Client\Client.csproj", "{D28B9FFC-E447-4321-B5C2-DFFB52ACC466}"
EndProject
Project("{9A19103F-16F7-4668-BE54-9A1E7A4F7556}") = "UI", "..\UI\UI.csproj", "{30359D8C-066F-461D-853D-229D9452A153}"
EndProject
Global
	GlobalSection(SolutionConfigurationPlatforms) = preSolution
		Debug|Any CPU = Debug|Any CPU
		Release|Any CPU = Release|Any CPU
	EndGlobalSection
	GlobalSection(ProjectConfigurationPlatforms) = postSolution
		{D9F3C424-872C-4718-B592-7B19A4C40803}.Debug|Any CPU.ActiveCfg = Debug|Any CPU
		{D9F3C424-872C-4718-B592-7B19A4C40803}.Debug|Any CPU.Build.0 = Debug|Any CPU
		{D9F3C424-872C-4718-B592-7B19A4C40803}.Release|Any CPU.ActiveCfg = Release|Any CPU
		{D9F3C424-872C-4718-B592-7B19A4C40803}.Release|Any CPU.Build.0 = Release|Any CPU
		{D28B9FFC-E447-4321-B5C2-DFFB52ACC466}.Debug|Any CPU.ActiveCfg = Debug|Any CPU
		{D28B9FFC-E447-4321-B5C2-DFFB52ACC466}.Debug|Any CPU.Build.0 = Debug|Any CPU
		{D28B9FFC-E447-4321-B5C2-DFFB52ACC466}.Release|Any CPU.ActiveCfg = Release|Any CPU
		{D28B9FFC-E447-4321-B5C2-DFFB52ACC466}.Release|Any CPU.Build.0 = Release|Any CPU
		{30359D8C-066F-461D-853D-229D9452A153}.Debug|Any CPU.ActiveCfg = Debug|Any CPU
		{30359D8C-066F-461D-853D-229D9452A153}.Debug|Any CPU.Build.0 = Debug|Any CPU
		{30359D8C-066F-461D-853D-229D9452A153}.Release|Any CPU.ActiveCfg = Release|Any CPU
		{30359D8C-066F-461D-853D-229D9452A153}.Release|Any CPU.Build.0 = Release|Any CPU
	EndGlobalSection
	GlobalSection(SolutionProperties) = preSolution
		HideSolutionNode = FALSE
	EndGlobalSection
	GlobalSection(ExtensibilityGlobals) = postSolution
		SolutionGuid = {FB1D7A46-5B92-4D68-814F-43A310A8CE3D}
	EndGlobalSection
EndGlobal
